// !$*UTF8*$!
{
	archiveVersion = 1;
	classes = {
	};
	objectVersion = 50;
	objects = {

/* Begin PBXBuildFile section */
		E104B95F2208EE6D003F9410 /* QPApplePayToken.swift in Sources */ = {isa = PBXBuildFile; fileRef = E104B95E2208EE6D003F9410 /* QPApplePayToken.swift */; };
		E11820FD225B33C900A3C8C7 /* UIBorderView.swift in Sources */ = {isa = PBXBuildFile; fileRef = E11820FB225B33C900A3C8C7 /* UIBorderView.swift */; };
		E1182106225B341300A3C8C7 /* PaymentViewCellMobilePay.xib in Resources */ = {isa = PBXBuildFile; fileRef = E1182100225B341300A3C8C7 /* PaymentViewCellMobilePay.xib */; };
		E1182107225B341300A3C8C7 /* PaymentView.swift in Sources */ = {isa = PBXBuildFile; fileRef = E1182101225B341300A3C8C7 /* PaymentView.swift */; };
		E1182108225B341300A3C8C7 /* PaymentViewCell.swift in Sources */ = {isa = PBXBuildFile; fileRef = E1182102225B341300A3C8C7 /* PaymentViewCell.swift */; };
		E1182109225B341300A3C8C7 /* PaymentViewCellApplePay.xib in Resources */ = {isa = PBXBuildFile; fileRef = E1182103225B341300A3C8C7 /* PaymentViewCellApplePay.xib */; };
		E118210A225B341300A3C8C7 /* PaymentView.xib in Resources */ = {isa = PBXBuildFile; fileRef = E1182104225B341300A3C8C7 /* PaymentView.xib */; };
		E118210B225B341300A3C8C7 /* PaymentViewCellCreditCard.xib in Resources */ = {isa = PBXBuildFile; fileRef = E1182105225B341300A3C8C7 /* PaymentViewCellCreditCard.xib */; };
		E118210E225B378400A3C8C7 /* UIColorExtensions.swift in Sources */ = {isa = PBXBuildFile; fileRef = E118210D225B378400A3C8C7 /* UIColorExtensions.swift */; };
		E1182110225B37B400A3C8C7 /* UIViewExtensions.swift in Sources */ = {isa = PBXBuildFile; fileRef = E118210F225B37B400A3C8C7 /* UIViewExtensions.swift */; };
		E1182112225B3CF400A3C8C7 /* Media.xcassets in Resources */ = {isa = PBXBuildFile; fileRef = E1182111225B3CF400A3C8C7 /* Media.xcassets */; };
		E12A0070220085B5005D05FB /* IDETemplateMacros.plist in Resources */ = {isa = PBXBuildFile; fileRef = E12A006F220085B5005D05FB /* IDETemplateMacros.plist */; };
		E12A00842200C754005D05FB /* QPCreateSubscriptionRequest.swift in Sources */ = {isa = PBXBuildFile; fileRef = E12A00832200C754005D05FB /* QPCreateSubscriptionRequest.swift */; };
		E12A00862200C77F005D05FB /* QPCreateSubscriptionParameters.swift in Sources */ = {isa = PBXBuildFile; fileRef = E12A00852200C77F005D05FB /* QPCreateSubscriptionParameters.swift */; };
		E12A00882200CB00005D05FB /* QPShopSystem.swift in Sources */ = {isa = PBXBuildFile; fileRef = E12A00872200CB00005D05FB /* QPShopSystem.swift */; };
		E12A008A2200CD07005D05FB /* QPSubscription.swift in Sources */ = {isa = PBXBuildFile; fileRef = E12A00892200CD07005D05FB /* QPSubscription.swift */; };
		E12EE4EB219EE30C00843B0D /* QPGetPaymentRequest.swift in Sources */ = {isa = PBXBuildFile; fileRef = E12EE4EA219EE30C00843B0D /* QPGetPaymentRequest.swift */; };
		E12EE4ED219EE76E00843B0D /* QPPayment.swift in Sources */ = {isa = PBXBuildFile; fileRef = E12EE4EC219EE76E00843B0D /* QPPayment.swift */; };
		E12EE4EF219EEEB100843B0D /* QPOperation.swift in Sources */ = {isa = PBXBuildFile; fileRef = E12EE4EE219EEEB100843B0D /* QPOperation.swift */; };
		E12EE4F1219EF0B000843B0D /* QPRequest.swift in Sources */ = {isa = PBXBuildFile; fileRef = E12EE4F0219EF0B000843B0D /* QPRequest.swift */; };
		E13893A92208964300789826 /* QPCard.swift in Sources */ = {isa = PBXBuildFile; fileRef = E13893A82208964300789826 /* QPCard.swift */; };
		E13893AB220898C600789826 /* QPPerson.swift in Sources */ = {isa = PBXBuildFile; fileRef = E13893AA220898C600789826 /* QPPerson.swift */; };
		E13893AD2208990D00789826 /* QPNin.swift in Sources */ = {isa = PBXBuildFile; fileRef = E13893AC2208990D00789826 /* QPNin.swift */; };
		E13893AF22089A1000789826 /* QPAuthorizePaymentRequest.swift in Sources */ = {isa = PBXBuildFile; fileRef = E13893AE22089A1000789826 /* QPAuthorizePaymentRequest.swift */; };
		E15788352223EBB100C86EB7 /* QuickPayAcquires.swift in Sources */ = {isa = PBXBuildFile; fileRef = E15788342223EBB100C86EB7 /* QuickPayAcquires.swift */; };
		E15788382223EC8400C86EB7 /* EncodableValue.swift in Sources */ = {isa = PBXBuildFile; fileRef = E15788372223EC8400C86EB7 /* EncodableValue.swift */; };
		E157883B2223FF8B00C86EB7 /* LogDelegate.swift in Sources */ = {isa = PBXBuildFile; fileRef = E157883A2223FF8B00C86EB7 /* LogDelegate.swift */; };
		E157883D2224003A00C86EB7 /* PrintLogger.swift in Sources */ = {isa = PBXBuildFile; fileRef = E157883C2224003A00C86EB7 /* PrintLogger.swift */; };
		E158068E22427B9C000F8954 /* QPGetAcquireSettingsClearhausRequest.swift in Sources */ = {isa = PBXBuildFile; fileRef = E158068D22427B9C000F8954 /* QPGetAcquireSettingsClearhausRequest.swift */; };
		E16313062192249900A75B73 /* QuickPaySDK.h in Headers */ = {isa = PBXBuildFile; fileRef = E16313042192249900A75B73 /* QuickPaySDK.h */; settings = {ATTRIBUTES = (Public, ); }; };
		E1648C322200F7A200C0AABC /* QuickPaySDKPaymentTests.swift in Sources */ = {isa = PBXBuildFile; fileRef = E1648C312200F7A200C0AABC /* QuickPaySDKPaymentTests.swift */; };
		E1648C342200F7A200C0AABC /* QuickPaySDK.framework in Frameworks */ = {isa = PBXBuildFile; fileRef = E16313012192249900A75B73 /* QuickPaySDK.framework */; };
		E1648C3C2200F91600C0AABC /* SDKUtils.swift in Sources */ = {isa = PBXBuildFile; fileRef = E1648C3B2200F91600C0AABC /* SDKUtils.swift */; };
		E1708A0C2205C0020060AB1C /* URLRequestExtensions.swift in Sources */ = {isa = PBXBuildFile; fileRef = E1708A0B2205C0020060AB1C /* URLRequestExtensions.swift */; };
		E1708A112205CA1B0060AB1C /* QPHeaders.swift in Sources */ = {isa = PBXBuildFile; fileRef = E1708A102205CA1B0060AB1C /* QPHeaders.swift */; };
		E1708A132205DBE60060AB1C /* QPGetSubscriptionRequest.swift in Sources */ = {isa = PBXBuildFile; fileRef = E1708A122205DBE60060AB1C /* QPGetSubscriptionRequest.swift */; };
		E1849095221A058D00CB734C /* QPCreatePaymentSessionRequest.swift in Sources */ = {isa = PBXBuildFile; fileRef = E1849094221A058D00CB734C /* QPCreatePaymentSessionRequest.swift */; };
		E1897CAC219C6B00002CE64A /* QPShipping.swift in Sources */ = {isa = PBXBuildFile; fileRef = E1897CA2219C6AFF002CE64A /* QPShipping.swift */; };
		E1897CAD219C6B00002CE64A /* QPBasket.swift in Sources */ = {isa = PBXBuildFile; fileRef = E1897CA3219C6AFF002CE64A /* QPBasket.swift */; };
		E1897CAE219C6B00002CE64A /* QPCreatePaymentRequest.swift in Sources */ = {isa = PBXBuildFile; fileRef = E1897CA4219C6AFF002CE64A /* QPCreatePaymentRequest.swift */; };
		E1897CAF219C6B00002CE64A /* QPCreatePaymentLinkRequest.swift in Sources */ = {isa = PBXBuildFile; fileRef = E1897CA5219C6B00002CE64A /* QPCreatePaymentLinkRequest.swift */; };
		E1897CB3219C6B00002CE64A /* QPAddress.swift in Sources */ = {isa = PBXBuildFile; fileRef = E1897CA9219C6B00002CE64A /* QPAddress.swift */; };
		E1897CB4219C6B00002CE64A /* QPPaymentWindowController.swift in Sources */ = {isa = PBXBuildFile; fileRef = E1897CAA219C6B00002CE64A /* QPPaymentWindowController.swift */; };
		E1897CB7219C6B20002CE64A /* QuickPayHttpStatusCodes.swift in Sources */ = {isa = PBXBuildFile; fileRef = E1897CB6219C6B20002CE64A /* QuickPayHttpStatusCodes.swift */; };
		E1897CB9219C6B74002CE64A /* QuickPay.swift in Sources */ = {isa = PBXBuildFile; fileRef = E1897CB8219C6B74002CE64A /* QuickPay.swift */; };
		E1A9DF4A22427025005424BF /* QPGetAcquireSettingsMobilePayRequest.swift in Sources */ = {isa = PBXBuildFile; fileRef = E1A9DF4922427025005424BF /* QPGetAcquireSettingsMobilePayRequest.swift */; };
		E1A9DF4C22427275005424BF /* QuickPaySDKAcquirersTests.swift in Sources */ = {isa = PBXBuildFile; fileRef = E1A9DF4B22427275005424BF /* QuickPaySDKAcquirersTests.swift */; };
		E1C3984A21A432D600086C9D /* QPMetadata.swift in Sources */ = {isa = PBXBuildFile; fileRef = E1C3984921A432D600086C9D /* QPMetadata.swift */; };
		E1C3984C21A4342100086C9D /* QPPaymentLink.swift in Sources */ = {isa = PBXBuildFile; fileRef = E1C3984B21A4342100086C9D /* QPPaymentLink.swift */; };
		E1CA62EA2201A5FC00C8592F /* QPCreateSubscriptionLinkRequest.swift in Sources */ = {isa = PBXBuildFile; fileRef = E1CA62E92201A5FC00C8592F /* QPCreateSubscriptionLinkRequest.swift */; };
		E1CA62EC2201A65700C8592F /* QPCreateSubscriptionLinkParameters.swift in Sources */ = {isa = PBXBuildFile; fileRef = E1CA62EB2201A65700C8592F /* QPCreateSubscriptionLinkParameters.swift */; };
		E1CA62EE2201B2BF00C8592F /* QPSubscriptionLink.swift in Sources */ = {isa = PBXBuildFile; fileRef = E1CA62ED2201B2BF00C8592F /* QPSubscriptionLink.swift */; };
		E1D7500E22033ED900ED17DF /* QuickPaySDKTestCase.swift in Sources */ = {isa = PBXBuildFile; fileRef = E1D7500D22033ED900ED17DF /* QuickPaySDKTestCase.swift */; };
		E1D7501022033FE500ED17DF /* QuickPaySDKSubscriptionTests.swift in Sources */ = {isa = PBXBuildFile; fileRef = E1D7500F22033FE500ED17DF /* QuickPaySDKSubscriptionTests.swift */; };
/* End PBXBuildFile section */

/* Begin PBXContainerItemProxy section */
		E1648C352200F7A200C0AABC /* PBXContainerItemProxy */ = {
			isa = PBXContainerItemProxy;
			containerPortal = E16312F82192249900A75B73 /* Project object */;
			proxyType = 1;
			remoteGlobalIDString = E16313002192249900A75B73;
			remoteInfo = QuickPaySDK;
		};
/* End PBXContainerItemProxy section */

/* Begin PBXFileReference section */
		E104B95E2208EE6D003F9410 /* QPApplePayToken.swift */ = {isa = PBXFileReference; lastKnownFileType = sourcecode.swift; path = QPApplePayToken.swift; sourceTree = "<group>"; };
		E11820FB225B33C900A3C8C7 /* UIBorderView.swift */ = {isa = PBXFileReference; fileEncoding = 4; lastKnownFileType = sourcecode.swift; path = UIBorderView.swift; sourceTree = "<group>"; };
		E1182100225B341300A3C8C7 /* PaymentViewCellMobilePay.xib */ = {isa = PBXFileReference; fileEncoding = 4; lastKnownFileType = file.xib; path = PaymentViewCellMobilePay.xib; sourceTree = "<group>"; };
		E1182101225B341300A3C8C7 /* PaymentView.swift */ = {isa = PBXFileReference; fileEncoding = 4; lastKnownFileType = sourcecode.swift; path = PaymentView.swift; sourceTree = "<group>"; };
		E1182102225B341300A3C8C7 /* PaymentViewCell.swift */ = {isa = PBXFileReference; fileEncoding = 4; lastKnownFileType = sourcecode.swift; path = PaymentViewCell.swift; sourceTree = "<group>"; };
		E1182103225B341300A3C8C7 /* PaymentViewCellApplePay.xib */ = {isa = PBXFileReference; fileEncoding = 4; lastKnownFileType = file.xib; path = PaymentViewCellApplePay.xib; sourceTree = "<group>"; };
		E1182104225B341300A3C8C7 /* PaymentView.xib */ = {isa = PBXFileReference; fileEncoding = 4; lastKnownFileType = file.xib; path = PaymentView.xib; sourceTree = "<group>"; };
		E1182105225B341300A3C8C7 /* PaymentViewCellCreditCard.xib */ = {isa = PBXFileReference; fileEncoding = 4; lastKnownFileType = file.xib; path = PaymentViewCellCreditCard.xib; sourceTree = "<group>"; };
		E118210D225B378400A3C8C7 /* UIColorExtensions.swift */ = {isa = PBXFileReference; fileEncoding = 4; lastKnownFileType = sourcecode.swift; path = UIColorExtensions.swift; sourceTree = "<group>"; };
		E118210F225B37B400A3C8C7 /* UIViewExtensions.swift */ = {isa = PBXFileReference; fileEncoding = 4; lastKnownFileType = sourcecode.swift; path = UIViewExtensions.swift; sourceTree = "<group>"; };
		E1182111225B3CF400A3C8C7 /* Media.xcassets */ = {isa = PBXFileReference; lastKnownFileType = folder.assetcatalog; path = Media.xcassets; sourceTree = "<group>"; };
		E12A006F220085B5005D05FB /* IDETemplateMacros.plist */ = {isa = PBXFileReference; fileEncoding = 4; lastKnownFileType = text.plist.xml; name = IDETemplateMacros.plist; path = QuickPaySDK.xcodeproj/xcshareddata/IDETemplateMacros.plist; sourceTree = SOURCE_ROOT; };
		E12A00832200C754005D05FB /* QPCreateSubscriptionRequest.swift */ = {isa = PBXFileReference; lastKnownFileType = sourcecode.swift; path = QPCreateSubscriptionRequest.swift; sourceTree = "<group>"; };
		E12A00852200C77F005D05FB /* QPCreateSubscriptionParameters.swift */ = {isa = PBXFileReference; lastKnownFileType = sourcecode.swift; path = QPCreateSubscriptionParameters.swift; sourceTree = "<group>"; };
		E12A00872200CB00005D05FB /* QPShopSystem.swift */ = {isa = PBXFileReference; lastKnownFileType = sourcecode.swift; path = QPShopSystem.swift; sourceTree = "<group>"; };
		E12A00892200CD07005D05FB /* QPSubscription.swift */ = {isa = PBXFileReference; lastKnownFileType = sourcecode.swift; path = QPSubscription.swift; sourceTree = "<group>"; };
		E12EE4EA219EE30C00843B0D /* QPGetPaymentRequest.swift */ = {isa = PBXFileReference; lastKnownFileType = sourcecode.swift; path = QPGetPaymentRequest.swift; sourceTree = "<group>"; };
		E12EE4EC219EE76E00843B0D /* QPPayment.swift */ = {isa = PBXFileReference; lastKnownFileType = sourcecode.swift; path = QPPayment.swift; sourceTree = "<group>"; };
		E12EE4EE219EEEB100843B0D /* QPOperation.swift */ = {isa = PBXFileReference; lastKnownFileType = sourcecode.swift; path = QPOperation.swift; sourceTree = "<group>"; };
		E12EE4F0219EF0B000843B0D /* QPRequest.swift */ = {isa = PBXFileReference; lastKnownFileType = sourcecode.swift; path = QPRequest.swift; sourceTree = "<group>"; };
		E13893A82208964300789826 /* QPCard.swift */ = {isa = PBXFileReference; lastKnownFileType = sourcecode.swift; path = QPCard.swift; sourceTree = "<group>"; };
		E13893AA220898C600789826 /* QPPerson.swift */ = {isa = PBXFileReference; lastKnownFileType = sourcecode.swift; path = QPPerson.swift; sourceTree = "<group>"; };
		E13893AC2208990D00789826 /* QPNin.swift */ = {isa = PBXFileReference; lastKnownFileType = sourcecode.swift; path = QPNin.swift; sourceTree = "<group>"; };
		E13893AE22089A1000789826 /* QPAuthorizePaymentRequest.swift */ = {isa = PBXFileReference; lastKnownFileType = sourcecode.swift; path = QPAuthorizePaymentRequest.swift; sourceTree = "<group>"; };
		E15788342223EBB100C86EB7 /* QuickPayAcquires.swift */ = {isa = PBXFileReference; lastKnownFileType = sourcecode.swift; path = QuickPayAcquires.swift; sourceTree = "<group>"; };
		E15788372223EC8400C86EB7 /* EncodableValue.swift */ = {isa = PBXFileReference; lastKnownFileType = sourcecode.swift; path = EncodableValue.swift; sourceTree = "<group>"; };
		E157883A2223FF8B00C86EB7 /* LogDelegate.swift */ = {isa = PBXFileReference; lastKnownFileType = sourcecode.swift; path = LogDelegate.swift; sourceTree = "<group>"; };
		E157883C2224003A00C86EB7 /* PrintLogger.swift */ = {isa = PBXFileReference; lastKnownFileType = sourcecode.swift; path = PrintLogger.swift; sourceTree = "<group>"; };
		E158068D22427B9C000F8954 /* QPGetAcquireSettingsClearhausRequest.swift */ = {isa = PBXFileReference; lastKnownFileType = sourcecode.swift; path = QPGetAcquireSettingsClearhausRequest.swift; sourceTree = "<group>"; };
		E16313012192249900A75B73 /* QuickPaySDK.framework */ = {isa = PBXFileReference; explicitFileType = wrapper.framework; includeInIndex = 0; path = QuickPaySDK.framework; sourceTree = BUILT_PRODUCTS_DIR; };
		E16313042192249900A75B73 /* QuickPaySDK.h */ = {isa = PBXFileReference; lastKnownFileType = sourcecode.c.h; path = QuickPaySDK.h; sourceTree = "<group>"; };
		E16313052192249900A75B73 /* Info.plist */ = {isa = PBXFileReference; lastKnownFileType = text.plist.xml; path = Info.plist; sourceTree = "<group>"; };
		E1648C2F2200F7A200C0AABC /* QuickPaySDKTests.xctest */ = {isa = PBXFileReference; explicitFileType = wrapper.cfbundle; includeInIndex = 0; path = QuickPaySDKTests.xctest; sourceTree = BUILT_PRODUCTS_DIR; };
		E1648C312200F7A200C0AABC /* QuickPaySDKPaymentTests.swift */ = {isa = PBXFileReference; lastKnownFileType = sourcecode.swift; path = QuickPaySDKPaymentTests.swift; sourceTree = "<group>"; };
		E1648C332200F7A200C0AABC /* Info.plist */ = {isa = PBXFileReference; lastKnownFileType = text.plist.xml; path = Info.plist; sourceTree = "<group>"; };
		E1648C3B2200F91600C0AABC /* SDKUtils.swift */ = {isa = PBXFileReference; lastKnownFileType = sourcecode.swift; path = SDKUtils.swift; sourceTree = "<group>"; };
		E1708A0B2205C0020060AB1C /* URLRequestExtensions.swift */ = {isa = PBXFileReference; lastKnownFileType = sourcecode.swift; path = URLRequestExtensions.swift; sourceTree = "<group>"; };
		E1708A102205CA1B0060AB1C /* QPHeaders.swift */ = {isa = PBXFileReference; fileEncoding = 4; lastKnownFileType = sourcecode.swift; path = QPHeaders.swift; sourceTree = "<group>"; };
		E1708A122205DBE60060AB1C /* QPGetSubscriptionRequest.swift */ = {isa = PBXFileReference; lastKnownFileType = sourcecode.swift; path = QPGetSubscriptionRequest.swift; sourceTree = "<group>"; };
		E1849094221A058D00CB734C /* QPCreatePaymentSessionRequest.swift */ = {isa = PBXFileReference; lastKnownFileType = sourcecode.swift; path = QPCreatePaymentSessionRequest.swift; sourceTree = "<group>"; };
		E1897CA2219C6AFF002CE64A /* QPShipping.swift */ = {isa = PBXFileReference; fileEncoding = 4; lastKnownFileType = sourcecode.swift; path = QPShipping.swift; sourceTree = "<group>"; };
		E1897CA3219C6AFF002CE64A /* QPBasket.swift */ = {isa = PBXFileReference; fileEncoding = 4; lastKnownFileType = sourcecode.swift; path = QPBasket.swift; sourceTree = "<group>"; };
		E1897CA4219C6AFF002CE64A /* QPCreatePaymentRequest.swift */ = {isa = PBXFileReference; fileEncoding = 4; lastKnownFileType = sourcecode.swift; path = QPCreatePaymentRequest.swift; sourceTree = "<group>"; };
		E1897CA5219C6B00002CE64A /* QPCreatePaymentLinkRequest.swift */ = {isa = PBXFileReference; fileEncoding = 4; lastKnownFileType = sourcecode.swift; path = QPCreatePaymentLinkRequest.swift; sourceTree = "<group>"; };
		E1897CA9219C6B00002CE64A /* QPAddress.swift */ = {isa = PBXFileReference; fileEncoding = 4; lastKnownFileType = sourcecode.swift; path = QPAddress.swift; sourceTree = "<group>"; };
		E1897CAA219C6B00002CE64A /* QPPaymentWindowController.swift */ = {isa = PBXFileReference; fileEncoding = 4; lastKnownFileType = sourcecode.swift; path = QPPaymentWindowController.swift; sourceTree = "<group>"; };
		E1897CB6219C6B20002CE64A /* QuickPayHttpStatusCodes.swift */ = {isa = PBXFileReference; fileEncoding = 4; lastKnownFileType = sourcecode.swift; path = QuickPayHttpStatusCodes.swift; sourceTree = "<group>"; };
		E1897CB8219C6B74002CE64A /* QuickPay.swift */ = {isa = PBXFileReference; fileEncoding = 4; lastKnownFileType = sourcecode.swift; path = QuickPay.swift; sourceTree = "<group>"; };
		E1A9DF4922427025005424BF /* QPGetAcquireSettingsMobilePayRequest.swift */ = {isa = PBXFileReference; lastKnownFileType = sourcecode.swift; path = QPGetAcquireSettingsMobilePayRequest.swift; sourceTree = "<group>"; };
		E1A9DF4B22427275005424BF /* QuickPaySDKAcquirersTests.swift */ = {isa = PBXFileReference; lastKnownFileType = sourcecode.swift; path = QuickPaySDKAcquirersTests.swift; sourceTree = "<group>"; };
		E1C3984921A432D600086C9D /* QPMetadata.swift */ = {isa = PBXFileReference; lastKnownFileType = sourcecode.swift; path = QPMetadata.swift; sourceTree = "<group>"; };
		E1C3984B21A4342100086C9D /* QPPaymentLink.swift */ = {isa = PBXFileReference; lastKnownFileType = sourcecode.swift; path = QPPaymentLink.swift; sourceTree = "<group>"; };
		E1CA62E92201A5FC00C8592F /* QPCreateSubscriptionLinkRequest.swift */ = {isa = PBXFileReference; lastKnownFileType = sourcecode.swift; path = QPCreateSubscriptionLinkRequest.swift; sourceTree = "<group>"; };
		E1CA62EB2201A65700C8592F /* QPCreateSubscriptionLinkParameters.swift */ = {isa = PBXFileReference; lastKnownFileType = sourcecode.swift; path = QPCreateSubscriptionLinkParameters.swift; sourceTree = "<group>"; };
		E1CA62ED2201B2BF00C8592F /* QPSubscriptionLink.swift */ = {isa = PBXFileReference; lastKnownFileType = sourcecode.swift; path = QPSubscriptionLink.swift; sourceTree = "<group>"; };
		E1D7500D22033ED900ED17DF /* QuickPaySDKTestCase.swift */ = {isa = PBXFileReference; lastKnownFileType = sourcecode.swift; path = QuickPaySDKTestCase.swift; sourceTree = "<group>"; };
		E1D7500F22033FE500ED17DF /* QuickPaySDKSubscriptionTests.swift */ = {isa = PBXFileReference; lastKnownFileType = sourcecode.swift; name = QuickPaySDKSubscriptionTests.swift; path = QuickPaySDKTests/QuickPaySDKSubscriptionTests.swift; sourceTree = SOURCE_ROOT; };
/* End PBXFileReference section */

/* Begin PBXFrameworksBuildPhase section */
		E16312FE2192249900A75B73 /* Frameworks */ = {
			isa = PBXFrameworksBuildPhase;
			buildActionMask = 2147483647;
			files = (
			);
			runOnlyForDeploymentPostprocessing = 0;
		};
		E1648C2C2200F7A200C0AABC /* Frameworks */ = {
			isa = PBXFrameworksBuildPhase;
			buildActionMask = 2147483647;
			files = (
				E1648C342200F7A200C0AABC /* QuickPaySDK.framework in Frameworks */,
			);
			runOnlyForDeploymentPostprocessing = 0;
		};
/* End PBXFrameworksBuildPhase section */

/* Begin PBXGroup section */
		E11820FF225B341300A3C8C7 /* PaymentView */ = {
			isa = PBXGroup;
			children = (
				E1182100225B341300A3C8C7 /* PaymentViewCellMobilePay.xib */,
				E1182101225B341300A3C8C7 /* PaymentView.swift */,
				E1182102225B341300A3C8C7 /* PaymentViewCell.swift */,
				E1182103225B341300A3C8C7 /* PaymentViewCellApplePay.xib */,
				E1182104225B341300A3C8C7 /* PaymentView.xib */,
				E1182105225B341300A3C8C7 /* PaymentViewCellCreditCard.xib */,
			);
			path = PaymentView;
			sourceTree = "<group>";
		};
		E118210C225B374300A3C8C7 /* UI */ = {
			isa = PBXGroup;
			children = (
				E11820FF225B341300A3C8C7 /* PaymentView */,
				E11820FB225B33C900A3C8C7 /* UIBorderView.swift */,
				E1182111225B3CF400A3C8C7 /* Media.xcassets */,
			);
			path = UI;
			sourceTree = "<group>";
		};
		E12A006E220085A0005D05FB /* Macros */ = {
			isa = PBXGroup;
			children = (
				E12A006F220085B5005D05FB /* IDETemplateMacros.plist */,
			);
			name = Macros;
			sourceTree = "<group>";
		};
		E12A00812200C599005D05FB /* Payments */ = {
			isa = PBXGroup;
			children = (
				E1897CA4219C6AFF002CE64A /* QPCreatePaymentRequest.swift */,
				E1897CA5219C6B00002CE64A /* QPCreatePaymentLinkRequest.swift */,
				E12EE4EA219EE30C00843B0D /* QPGetPaymentRequest.swift */,
				E13893AE22089A1000789826 /* QPAuthorizePaymentRequest.swift */,
				E1849094221A058D00CB734C /* QPCreatePaymentSessionRequest.swift */,
			);
			path = Payments;
			sourceTree = "<group>";
		};
		E12A00822200C5AF005D05FB /* Subscriptions */ = {
			isa = PBXGroup;
			children = (
				E12A00832200C754005D05FB /* QPCreateSubscriptionRequest.swift */,
				E12A00852200C77F005D05FB /* QPCreateSubscriptionParameters.swift */,
				E1CA62E92201A5FC00C8592F /* QPCreateSubscriptionLinkRequest.swift */,
				E1CA62EB2201A65700C8592F /* QPCreateSubscriptionLinkParameters.swift */,
				E1708A122205DBE60060AB1C /* QPGetSubscriptionRequest.swift */,
			);
			path = Subscriptions;
			sourceTree = "<group>";
		};
		E15788332223EB3700C86EB7 /* Core */ = {
			isa = PBXGroup;
			children = (
				E15788392223FF5600C86EB7 /* Logging */,
				E15788362223EC7000C86EB7 /* Codable */,
				E1897CB8219C6B74002CE64A /* QuickPay.swift */,
			);
			path = Core;
			sourceTree = "<group>";
		};
		E15788362223EC7000C86EB7 /* Codable */ = {
			isa = PBXGroup;
			children = (
				E15788372223EC8400C86EB7 /* EncodableValue.swift */,
			);
			path = Codable;
			sourceTree = "<group>";
		};
		E15788392223FF5600C86EB7 /* Logging */ = {
			isa = PBXGroup;
			children = (
				E157883A2223FF8B00C86EB7 /* LogDelegate.swift */,
				E157883C2224003A00C86EB7 /* PrintLogger.swift */,
			);
			path = Logging;
			sourceTree = "<group>";
		};
		E16312F72192249900A75B73 = {
			isa = PBXGroup;
			children = (
				E16313032192249900A75B73 /* QuickPaySDK */,
				E1648C302200F7A200C0AABC /* QuickPaySDKTests */,
				E16313022192249900A75B73 /* Products */,
			);
			sourceTree = "<group>";
		};
		E16313022192249900A75B73 /* Products */ = {
			isa = PBXGroup;
			children = (
				E16313012192249900A75B73 /* QuickPaySDK.framework */,
				E1648C2F2200F7A200C0AABC /* QuickPaySDKTests.xctest */,
			);
			name = Products;
			sourceTree = "<group>";
		};
		E16313032192249900A75B73 /* QuickPaySDK */ = {
			isa = PBXGroup;
			children = (
				E1A82123220303EF0017EE4F /* SDK */,
				E12A006E220085A0005D05FB /* Macros */,
				E16313042192249900A75B73 /* QuickPaySDK.h */,
				E16313052192249900A75B73 /* Info.plist */,
			);
			path = QuickPaySDK;
			sourceTree = "<group>";
		};
		E1648C302200F7A200C0AABC /* QuickPaySDKTests */ = {
			isa = PBXGroup;
			children = (
				E1648C3A2200F90100C0AABC /* Utils */,
				E1648C312200F7A200C0AABC /* QuickPaySDKPaymentTests.swift */,
				E1D7500F22033FE500ED17DF /* QuickPaySDKSubscriptionTests.swift */,
				E1D7500D22033ED900ED17DF /* QuickPaySDKTestCase.swift */,
				E1A9DF4B22427275005424BF /* QuickPaySDKAcquirersTests.swift */,
				E1648C332200F7A200C0AABC /* Info.plist */,
			);
			path = QuickPaySDKTests;
			sourceTree = "<group>";
		};
		E1648C3A2200F90100C0AABC /* Utils */ = {
			isa = PBXGroup;
			children = (
				E1648C3B2200F91600C0AABC /* SDKUtils.swift */,
			);
			path = Utils;
			sourceTree = "<group>";
		};
		E1708A092205BFD20060AB1C /* Extensions */ = {
			isa = PBXGroup;
			children = (
				E118210F225B37B400A3C8C7 /* UIViewExtensions.swift */,
				E118210D225B378400A3C8C7 /* UIColorExtensions.swift */,
				E1708A0B2205C0020060AB1C /* URLRequestExtensions.swift */,
			);
			path = Extensions;
			sourceTree = "<group>";
		};
		E1897CA0219C6AD6002CE64A /* QuickPay Link */ = {
			isa = PBXGroup;
			children = (
				E1A9DF4822426FED005424BF /* Acquirers */,
				E12A00822200C5AF005D05FB /* Subscriptions */,
				E12A00812200C599005D05FB /* Payments */,
				E1897CBE219CC1CC002CE64A /* Models */,
				E1897CAA219C6B00002CE64A /* QPPaymentWindowController.swift */,
			);
			path = "QuickPay Link";
			sourceTree = "<group>";
		};
		E1897CBE219CC1CC002CE64A /* Models */ = {
			isa = PBXGroup;
			children = (
				E12EE4EC219EE76E00843B0D /* QPPayment.swift */,
				E1897CA2219C6AFF002CE64A /* QPShipping.swift */,
				E1897CA9219C6B00002CE64A /* QPAddress.swift */,
				E1897CA3219C6AFF002CE64A /* QPBasket.swift */,
				E12EE4EE219EEEB100843B0D /* QPOperation.swift */,
				E1C3984921A432D600086C9D /* QPMetadata.swift */,
				E1C3984B21A4342100086C9D /* QPPaymentLink.swift */,
				E12A00872200CB00005D05FB /* QPShopSystem.swift */,
				E12A00892200CD07005D05FB /* QPSubscription.swift */,
				E1CA62ED2201B2BF00C8592F /* QPSubscriptionLink.swift */,
				E13893A82208964300789826 /* QPCard.swift */,
				E13893AA220898C600789826 /* QPPerson.swift */,
				E13893AC2208990D00789826 /* QPNin.swift */,
				E104B95E2208EE6D003F9410 /* QPApplePayToken.swift */,
			);
			path = Models;
			sourceTree = "<group>";
		};
		E1A821212203038B0017EE4F /* Networking */ = {
			isa = PBXGroup;
			children = (
				E1A82122220303AE0017EE4F /* QuickPay API */,
				E1897CB6219C6B20002CE64A /* QuickPayHttpStatusCodes.swift */,
				E15788342223EBB100C86EB7 /* QuickPayAcquires.swift */,
			);
			path = Networking;
			sourceTree = "<group>";
		};
		E1A82122220303AE0017EE4F /* QuickPay API */ = {
			isa = PBXGroup;
			children = (
				E1897CA0219C6AD6002CE64A /* QuickPay Link */,
				E1708A102205CA1B0060AB1C /* QPHeaders.swift */,
				E12EE4F0219EF0B000843B0D /* QPRequest.swift */,
			);
			path = "QuickPay API";
			sourceTree = "<group>";
		};
		E1A82123220303EF0017EE4F /* SDK */ = {
			isa = PBXGroup;
			children = (
				E118210C225B374300A3C8C7 /* UI */,
				E15788332223EB3700C86EB7 /* Core */,
				E1708A092205BFD20060AB1C /* Extensions */,
				E1A821212203038B0017EE4F /* Networking */,
			);
			path = SDK;
			sourceTree = "<group>";
		};
		E1A9DF4822426FED005424BF /* Acquirers */ = {
			isa = PBXGroup;
			children = (
				E1A9DF4922427025005424BF /* QPGetAcquireSettingsMobilePayRequest.swift */,
				E158068D22427B9C000F8954 /* QPGetAcquireSettingsClearhausRequest.swift */,
			);
			path = Acquirers;
			sourceTree = "<group>";
		};
/* End PBXGroup section */

/* Begin PBXHeadersBuildPhase section */
		E16312FC2192249900A75B73 /* Headers */ = {
			isa = PBXHeadersBuildPhase;
			buildActionMask = 2147483647;
			files = (
				E16313062192249900A75B73 /* QuickPaySDK.h in Headers */,
			);
			runOnlyForDeploymentPostprocessing = 0;
		};
/* End PBXHeadersBuildPhase section */

/* Begin PBXNativeTarget section */
		E16313002192249900A75B73 /* QuickPaySDK */ = {
			isa = PBXNativeTarget;
			buildConfigurationList = E16313092192249900A75B73 /* Build configuration list for PBXNativeTarget "QuickPaySDK" */;
			buildPhases = (
				E16312FC2192249900A75B73 /* Headers */,
				E16312FD2192249900A75B73 /* Sources */,
				E16312FE2192249900A75B73 /* Frameworks */,
				E16312FF2192249900A75B73 /* Resources */,
			);
			buildRules = (
			);
			dependencies = (
			);
			name = QuickPaySDK;
			productName = QuickPaySDK;
			productReference = E16313012192249900A75B73 /* QuickPaySDK.framework */;
			productType = "com.apple.product-type.framework";
		};
		E1648C2E2200F7A200C0AABC /* QuickPaySDKTests */ = {
			isa = PBXNativeTarget;
			buildConfigurationList = E1648C392200F7A200C0AABC /* Build configuration list for PBXNativeTarget "QuickPaySDKTests" */;
			buildPhases = (
				E1648C2B2200F7A200C0AABC /* Sources */,
				E1648C2C2200F7A200C0AABC /* Frameworks */,
				E1648C2D2200F7A200C0AABC /* Resources */,
			);
			buildRules = (
			);
			dependencies = (
				E1648C362200F7A200C0AABC /* PBXTargetDependency */,
			);
			name = QuickPaySDKTests;
			productName = QuickPaySDKTests;
			productReference = E1648C2F2200F7A200C0AABC /* QuickPaySDKTests.xctest */;
			productType = "com.apple.product-type.bundle.unit-test";
		};
/* End PBXNativeTarget section */

/* Begin PBXProject section */
		E16312F82192249900A75B73 /* Project object */ = {
			isa = PBXProject;
			attributes = {
				LastSwiftUpdateCheck = 1010;
				LastUpgradeCheck = 1010;
				ORGANIZATIONNAME = QuickPay;
				TargetAttributes = {
					E16313002192249900A75B73 = {
						CreatedOnToolsVersion = 10.1;
						LastSwiftMigration = 1010;
					};
					E1648C2E2200F7A200C0AABC = {
						CreatedOnToolsVersion = 10.1;
					};
				};
			};
			buildConfigurationList = E16312FB2192249900A75B73 /* Build configuration list for PBXProject "QuickPaySDK" */;
			compatibilityVersion = "Xcode 9.3";
			developmentRegion = en;
			hasScannedForEncodings = 0;
			knownRegions = (
				en,
				Base,
			);
			mainGroup = E16312F72192249900A75B73;
			productRefGroup = E16313022192249900A75B73 /* Products */;
			projectDirPath = "";
			projectRoot = "";
			targets = (
				E16313002192249900A75B73 /* QuickPaySDK */,
				E1648C2E2200F7A200C0AABC /* QuickPaySDKTests */,
			);
		};
/* End PBXProject section */

/* Begin PBXResourcesBuildPhase section */
		E16312FF2192249900A75B73 /* Resources */ = {
			isa = PBXResourcesBuildPhase;
			buildActionMask = 2147483647;
			files = (
				E1182106225B341300A3C8C7 /* PaymentViewCellMobilePay.xib in Resources */,
				E118210A225B341300A3C8C7 /* PaymentView.xib in Resources */,
				E118210B225B341300A3C8C7 /* PaymentViewCellCreditCard.xib in Resources */,
				E1182109225B341300A3C8C7 /* PaymentViewCellApplePay.xib in Resources */,
				E1182112225B3CF400A3C8C7 /* Media.xcassets in Resources */,
				E12A0070220085B5005D05FB /* IDETemplateMacros.plist in Resources */,
			);
			runOnlyForDeploymentPostprocessing = 0;
		};
		E1648C2D2200F7A200C0AABC /* Resources */ = {
			isa = PBXResourcesBuildPhase;
			buildActionMask = 2147483647;
			files = (
			);
			runOnlyForDeploymentPostprocessing = 0;
		};
/* End PBXResourcesBuildPhase section */

/* Begin PBXSourcesBuildPhase section */
		E16312FD2192249900A75B73 /* Sources */ = {
			isa = PBXSourcesBuildPhase;
			buildActionMask = 2147483647;
			files = (
				E104B95F2208EE6D003F9410 /* QPApplePayToken.swift in Sources */,
				E1897CAD219C6B00002CE64A /* QPBasket.swift in Sources */,
				E1708A0C2205C0020060AB1C /* URLRequestExtensions.swift in Sources */,
				E12A00882200CB00005D05FB /* QPShopSystem.swift in Sources */,
				E12EE4ED219EE76E00843B0D /* QPPayment.swift in Sources */,
				E13893AD2208990D00789826 /* QPNin.swift in Sources */,
				E13893AF22089A1000789826 /* QPAuthorizePaymentRequest.swift in Sources */,
				E1182107225B341300A3C8C7 /* PaymentView.swift in Sources */,
				E1897CAC219C6B00002CE64A /* QPShipping.swift in Sources */,
				E12A00862200C77F005D05FB /* QPCreateSubscriptionParameters.swift in Sources */,
				E12EE4EF219EEEB100843B0D /* QPOperation.swift in Sources */,
				E12EE4F1219EF0B000843B0D /* QPRequest.swift in Sources */,
				E13893A92208964300789826 /* QPCard.swift in Sources */,
				E13893AB220898C600789826 /* QPPerson.swift in Sources */,
				E1897CAF219C6B00002CE64A /* QPCreatePaymentLinkRequest.swift in Sources */,
				E1708A112205CA1B0060AB1C /* QPHeaders.swift in Sources */,
				E12A00842200C754005D05FB /* QPCreateSubscriptionRequest.swift in Sources */,
				E1897CAE219C6B00002CE64A /* QPCreatePaymentRequest.swift in Sources */,
				E1897CB7219C6B20002CE64A /* QuickPayHttpStatusCodes.swift in Sources */,
				E1C3984C21A4342100086C9D /* QPPaymentLink.swift in Sources */,
				E1897CB4219C6B00002CE64A /* QPPaymentWindowController.swift in Sources */,
				E1182110225B37B400A3C8C7 /* UIViewExtensions.swift in Sources */,
				E1897CB9219C6B74002CE64A /* QuickPay.swift in Sources */,
				E158068E22427B9C000F8954 /* QPGetAcquireSettingsClearhausRequest.swift in Sources */,
				E12A008A2200CD07005D05FB /* QPSubscription.swift in Sources */,
				E11820FD225B33C900A3C8C7 /* UIBorderView.swift in Sources */,
				E1708A132205DBE60060AB1C /* QPGetSubscriptionRequest.swift in Sources */,
				E1A9DF4A22427025005424BF /* QPGetAcquireSettingsMobilePayRequest.swift in Sources */,
				E15788382223EC8400C86EB7 /* EncodableValue.swift in Sources */,
				E157883B2223FF8B00C86EB7 /* LogDelegate.swift in Sources */,
				E1849095221A058D00CB734C /* QPCreatePaymentSessionRequest.swift in Sources */,
				E1CA62EC2201A65700C8592F /* QPCreateSubscriptionLinkParameters.swift in Sources */,
				E157883D2224003A00C86EB7 /* PrintLogger.swift in Sources */,
				E1182108225B341300A3C8C7 /* PaymentViewCell.swift in Sources */,
				E118210E225B378400A3C8C7 /* UIColorExtensions.swift in Sources */,
				E1CA62EA2201A5FC00C8592F /* QPCreateSubscriptionLinkRequest.swift in Sources */,
				E1C3984A21A432D600086C9D /* QPMetadata.swift in Sources */,
				E1897CB3219C6B00002CE64A /* QPAddress.swift in Sources */,
				E12EE4EB219EE30C00843B0D /* QPGetPaymentRequest.swift in Sources */,
				E15788352223EBB100C86EB7 /* QuickPayAcquires.swift in Sources */,
				E1CA62EE2201B2BF00C8592F /* QPSubscriptionLink.swift in Sources */,
			);
			runOnlyForDeploymentPostprocessing = 0;
		};
		E1648C2B2200F7A200C0AABC /* Sources */ = {
			isa = PBXSourcesBuildPhase;
			buildActionMask = 2147483647;
			files = (
				E1648C3C2200F91600C0AABC /* SDKUtils.swift in Sources */,
				E1D7500E22033ED900ED17DF /* QuickPaySDKTestCase.swift in Sources */,
				E1D7501022033FE500ED17DF /* QuickPaySDKSubscriptionTests.swift in Sources */,
				E1648C322200F7A200C0AABC /* QuickPaySDKPaymentTests.swift in Sources */,
				E1A9DF4C22427275005424BF /* QuickPaySDKAcquirersTests.swift in Sources */,
			);
			runOnlyForDeploymentPostprocessing = 0;
		};
/* End PBXSourcesBuildPhase section */

/* Begin PBXTargetDependency section */
		E1648C362200F7A200C0AABC /* PBXTargetDependency */ = {
			isa = PBXTargetDependency;
			target = E16313002192249900A75B73 /* QuickPaySDK */;
			targetProxy = E1648C352200F7A200C0AABC /* PBXContainerItemProxy */;
		};
/* End PBXTargetDependency section */

/* Begin XCBuildConfiguration section */
		E16313072192249900A75B73 /* Debug */ = {
			isa = XCBuildConfiguration;
			buildSettings = {
				ALWAYS_SEARCH_USER_PATHS = NO;
				CLANG_ANALYZER_NONNULL = YES;
				CLANG_ANALYZER_NUMBER_OBJECT_CONVERSION = YES_AGGRESSIVE;
				CLANG_CXX_LANGUAGE_STANDARD = "gnu++14";
				CLANG_CXX_LIBRARY = "libc++";
				CLANG_ENABLE_MODULES = YES;
				CLANG_ENABLE_OBJC_ARC = YES;
				CLANG_ENABLE_OBJC_WEAK = YES;
				CLANG_WARN_BLOCK_CAPTURE_AUTORELEASING = YES;
				CLANG_WARN_BOOL_CONVERSION = YES;
				CLANG_WARN_COMMA = YES;
				CLANG_WARN_CONSTANT_CONVERSION = YES;
				CLANG_WARN_DEPRECATED_OBJC_IMPLEMENTATIONS = YES;
				CLANG_WARN_DIRECT_OBJC_ISA_USAGE = YES_ERROR;
				CLANG_WARN_DOCUMENTATION_COMMENTS = YES;
				CLANG_WARN_EMPTY_BODY = YES;
				CLANG_WARN_ENUM_CONVERSION = YES;
				CLANG_WARN_INFINITE_RECURSION = YES;
				CLANG_WARN_INT_CONVERSION = YES;
				CLANG_WARN_NON_LITERAL_NULL_CONVERSION = YES;
				CLANG_WARN_OBJC_IMPLICIT_RETAIN_SELF = YES;
				CLANG_WARN_OBJC_LITERAL_CONVERSION = YES;
				CLANG_WARN_OBJC_ROOT_CLASS = YES_ERROR;
				CLANG_WARN_RANGE_LOOP_ANALYSIS = YES;
				CLANG_WARN_STRICT_PROTOTYPES = YES;
				CLANG_WARN_SUSPICIOUS_MOVE = YES;
				CLANG_WARN_UNGUARDED_AVAILABILITY = YES_AGGRESSIVE;
				CLANG_WARN_UNREACHABLE_CODE = YES;
				CLANG_WARN__DUPLICATE_METHOD_MATCH = YES;
				CODE_SIGN_IDENTITY = "iPhone Developer";
				COPY_PHASE_STRIP = NO;
				CURRENT_PROJECT_VERSION = 1;
				DEBUG_INFORMATION_FORMAT = dwarf;
				ENABLE_STRICT_OBJC_MSGSEND = YES;
				ENABLE_TESTABILITY = YES;
				GCC_C_LANGUAGE_STANDARD = gnu11;
				GCC_DYNAMIC_NO_PIC = NO;
				GCC_NO_COMMON_BLOCKS = YES;
				GCC_OPTIMIZATION_LEVEL = 0;
				GCC_PREPROCESSOR_DEFINITIONS = (
					"DEBUG=1",
					"$(inherited)",
				);
				GCC_WARN_64_TO_32_BIT_CONVERSION = YES;
				GCC_WARN_ABOUT_RETURN_TYPE = YES_ERROR;
				GCC_WARN_UNDECLARED_SELECTOR = YES;
				GCC_WARN_UNINITIALIZED_AUTOS = YES_AGGRESSIVE;
				GCC_WARN_UNUSED_FUNCTION = YES;
				GCC_WARN_UNUSED_VARIABLE = YES;
				IPHONEOS_DEPLOYMENT_TARGET = 11;
				MTL_ENABLE_DEBUG_INFO = INCLUDE_SOURCE;
				MTL_FAST_MATH = YES;
				ONLY_ACTIVE_ARCH = YES;
				SDKROOT = iphoneos;
				SWIFT_ACTIVE_COMPILATION_CONDITIONS = DEBUG;
				SWIFT_OPTIMIZATION_LEVEL = "-Onone";
				SWIFT_VERSION = 5.0;
				VERSIONING_SYSTEM = "apple-generic";
				VERSION_INFO_PREFIX = "";
			};
			name = Debug;
		};
		E16313082192249900A75B73 /* Release */ = {
			isa = XCBuildConfiguration;
			buildSettings = {
				ALWAYS_SEARCH_USER_PATHS = NO;
				CLANG_ANALYZER_NONNULL = YES;
				CLANG_ANALYZER_NUMBER_OBJECT_CONVERSION = YES_AGGRESSIVE;
				CLANG_CXX_LANGUAGE_STANDARD = "gnu++14";
				CLANG_CXX_LIBRARY = "libc++";
				CLANG_ENABLE_MODULES = YES;
				CLANG_ENABLE_OBJC_ARC = YES;
				CLANG_ENABLE_OBJC_WEAK = YES;
				CLANG_WARN_BLOCK_CAPTURE_AUTORELEASING = YES;
				CLANG_WARN_BOOL_CONVERSION = YES;
				CLANG_WARN_COMMA = YES;
				CLANG_WARN_CONSTANT_CONVERSION = YES;
				CLANG_WARN_DEPRECATED_OBJC_IMPLEMENTATIONS = YES;
				CLANG_WARN_DIRECT_OBJC_ISA_USAGE = YES_ERROR;
				CLANG_WARN_DOCUMENTATION_COMMENTS = YES;
				CLANG_WARN_EMPTY_BODY = YES;
				CLANG_WARN_ENUM_CONVERSION = YES;
				CLANG_WARN_INFINITE_RECURSION = YES;
				CLANG_WARN_INT_CONVERSION = YES;
				CLANG_WARN_NON_LITERAL_NULL_CONVERSION = YES;
				CLANG_WARN_OBJC_IMPLICIT_RETAIN_SELF = YES;
				CLANG_WARN_OBJC_LITERAL_CONVERSION = YES;
				CLANG_WARN_OBJC_ROOT_CLASS = YES_ERROR;
				CLANG_WARN_RANGE_LOOP_ANALYSIS = YES;
				CLANG_WARN_STRICT_PROTOTYPES = YES;
				CLANG_WARN_SUSPICIOUS_MOVE = YES;
				CLANG_WARN_UNGUARDED_AVAILABILITY = YES_AGGRESSIVE;
				CLANG_WARN_UNREACHABLE_CODE = YES;
				CLANG_WARN__DUPLICATE_METHOD_MATCH = YES;
				CODE_SIGN_IDENTITY = "iPhone Developer";
				COPY_PHASE_STRIP = NO;
				CURRENT_PROJECT_VERSION = 1;
				DEBUG_INFORMATION_FORMAT = "dwarf-with-dsym";
				ENABLE_NS_ASSERTIONS = NO;
				ENABLE_STRICT_OBJC_MSGSEND = YES;
				GCC_C_LANGUAGE_STANDARD = gnu11;
				GCC_NO_COMMON_BLOCKS = YES;
				GCC_WARN_64_TO_32_BIT_CONVERSION = YES;
				GCC_WARN_ABOUT_RETURN_TYPE = YES_ERROR;
				GCC_WARN_UNDECLARED_SELECTOR = YES;
				GCC_WARN_UNINITIALIZED_AUTOS = YES_AGGRESSIVE;
				GCC_WARN_UNUSED_FUNCTION = YES;
				GCC_WARN_UNUSED_VARIABLE = YES;
				IPHONEOS_DEPLOYMENT_TARGET = 11;
				MTL_ENABLE_DEBUG_INFO = NO;
				MTL_FAST_MATH = YES;
				SDKROOT = iphoneos;
				SWIFT_COMPILATION_MODE = wholemodule;
				SWIFT_OPTIMIZATION_LEVEL = "-O";
				SWIFT_VERSION = 5.0;
				VALIDATE_PRODUCT = YES;
				VERSIONING_SYSTEM = "apple-generic";
				VERSION_INFO_PREFIX = "";
			};
			name = Release;
		};
		E163130A2192249900A75B73 /* Debug */ = {
			isa = XCBuildConfiguration;
			buildSettings = {
				CLANG_ENABLE_MODULES = YES;
				CODE_SIGN_IDENTITY = "iPhone Developer";
				CODE_SIGN_STYLE = Automatic;
				DEFINES_MODULE = YES;
				DEVELOPMENT_TEAM = 2M4QKK575U;
				DYLIB_COMPATIBILITY_VERSION = 1;
				DYLIB_CURRENT_VERSION = 1;
				DYLIB_INSTALL_NAME_BASE = "@rpath";
				INFOPLIST_FILE = QuickPaySDK/Info.plist;
				INSTALL_PATH = "$(LOCAL_LIBRARY_DIR)/Frameworks";
				IPHONEOS_DEPLOYMENT_TARGET = 11.0;
				LD_RUNPATH_SEARCH_PATHS = (
					"$(inherited)",
					"@executable_path/Frameworks",
					"@loader_path/Frameworks",
				);
				PRODUCT_BUNDLE_IDENTIFIER = net.quickpay.QuickPaySDK;
				PRODUCT_NAME = "$(TARGET_NAME:c99extidentifier)";
				SKIP_INSTALL = NO;
				SWIFT_OPTIMIZATION_LEVEL = "-Onone";
				SWIFT_VERSION = 5.0;
				TARGETED_DEVICE_FAMILY = "1,2";
			};
			name = Debug;
		};
		E163130B2192249900A75B73 /* Release */ = {
			isa = XCBuildConfiguration;
			buildSettings = {
				CLANG_ENABLE_MODULES = YES;
				CODE_SIGN_IDENTITY = "";
				CODE_SIGN_STYLE = Automatic;
				DEFINES_MODULE = YES;
				DEVELOPMENT_TEAM = 2M4QKK575U;
				DYLIB_COMPATIBILITY_VERSION = 1;
				DYLIB_CURRENT_VERSION = 1;
				DYLIB_INSTALL_NAME_BASE = "@rpath";
				INFOPLIST_FILE = QuickPaySDK/Info.plist;
				INSTALL_PATH = "$(LOCAL_LIBRARY_DIR)/Frameworks";
				IPHONEOS_DEPLOYMENT_TARGET = 11.0;
				LD_RUNPATH_SEARCH_PATHS = (
					"$(inherited)",
					"@executable_path/Frameworks",
					"@loader_path/Frameworks",
				);
				PRODUCT_BUNDLE_IDENTIFIER = net.quickpay.QuickPaySDK;
				PRODUCT_NAME = "$(TARGET_NAME:c99extidentifier)";
				SKIP_INSTALL = NO;
				SWIFT_VERSION = 5.0;
				TARGETED_DEVICE_FAMILY = "1,2";
			};
			name = Release;
		};
		E1648C372200F7A200C0AABC /* Debug */ = {
			isa = XCBuildConfiguration;
			buildSettings = {
				CODE_SIGN_STYLE = Automatic;
				DEVELOPMENT_TEAM = 2M4QKK575U;
				INFOPLIST_FILE = QuickPaySDKTests/Info.plist;
				LD_RUNPATH_SEARCH_PATHS = (
					"$(inherited)",
					"@executable_path/Frameworks",
					"@loader_path/Frameworks",
				);
				PRODUCT_BUNDLE_IDENTIFIER = net.quickpay.QuickPaySDKTests;
				PRODUCT_NAME = "$(TARGET_NAME)";
				SKIP_INSTALL = NO;
				SWIFT_VERSION = 5.0;
				TARGETED_DEVICE_FAMILY = "1,2";
			};
			name = Debug;
		};
		E1648C382200F7A200C0AABC /* Release */ = {
			isa = XCBuildConfiguration;
			buildSettings = {
				CODE_SIGN_STYLE = Automatic;
				DEVELOPMENT_TEAM = 2M4QKK575U;
				INFOPLIST_FILE = QuickPaySDKTests/Info.plist;
				LD_RUNPATH_SEARCH_PATHS = (
					"$(inherited)",
					"@executable_path/Frameworks",
					"@loader_path/Frameworks",
				);
				PRODUCT_BUNDLE_IDENTIFIER = net.quickpay.QuickPaySDKTests;
				PRODUCT_NAME = "$(TARGET_NAME)";
				SKIP_INSTALL = NO;
				SWIFT_VERSION = 5.0;
				TARGETED_DEVICE_FAMILY = "1,2";
			};
			name = Release;
		};
/* End XCBuildConfiguration section */

/* Begin XCConfigurationList section */
		E16312FB2192249900A75B73 /* Build configuration list for PBXProject "QuickPaySDK" */ = {
			isa = XCConfigurationList;
			buildConfigurations = (
				E16313072192249900A75B73 /* Debug */,
				E16313082192249900A75B73 /* Release */,
			);
			defaultConfigurationIsVisible = 0;
			defaultConfigurationName = Release;
		};
		E16313092192249900A75B73 /* Build configuration list for PBXNativeTarget "QuickPaySDK" */ = {
			isa = XCConfigurationList;
			buildConfigurations = (
				E163130A2192249900A75B73 /* Debug */,
				E163130B2192249900A75B73 /* Release */,
			);
			defaultConfigurationIsVisible = 0;
			defaultConfigurationName = Release;
		};
		E1648C392200F7A200C0AABC /* Build configuration list for PBXNativeTarget "QuickPaySDKTests" */ = {
			isa = XCConfigurationList;
			buildConfigurations = (
				E1648C372200F7A200C0AABC /* Debug */,
				E1648C382200F7A200C0AABC /* Release */,
			);
			defaultConfigurationIsVisible = 0;
			defaultConfigurationName = Release;
		};
/* End XCConfigurationList section */
	};
	rootObject = E16312F82192249900A75B73 /* Project object */;
}
